// !$*UTF8*$!
{
	archiveVersion = 1;
	classes = {
	};
	objectVersion = 56;
	objects = {

/* Begin PBXBuildFile section */
		4B5D82492AB0923F0047B84D /* AuthConfiguration.swift in Sources */ = {isa = PBXBuildFile; fileRef = 4B5D82482AB0923F0047B84D /* AuthConfiguration.swift */; };
		4B5D824B2AB0BC760047B84D /* AuthViewController.swift in Sources */ = {isa = PBXBuildFile; fileRef = 4B5D824A2AB0BC760047B84D /* AuthViewController.swift */; };
		4B5D82502AB0C88C0047B84D /* WebViewViewController.swift in Sources */ = {isa = PBXBuildFile; fileRef = 4B5D824F2AB0C88C0047B84D /* WebViewViewController.swift */; };
		4B60934C2A56CF9200026E29 /* AppDelegate.swift in Sources */ = {isa = PBXBuildFile; fileRef = 4B60934B2A56CF9200026E29 /* AppDelegate.swift */; };
		4B60934E2A56CF9200026E29 /* SceneDelegate.swift in Sources */ = {isa = PBXBuildFile; fileRef = 4B60934D2A56CF9200026E29 /* SceneDelegate.swift */; };
		4B6093502A56CF9200026E29 /* ImagesListViewController.swift in Sources */ = {isa = PBXBuildFile; fileRef = 4B60934F2A56CF9200026E29 /* ImagesListViewController.swift */; };
		4B6093532A56CF9200026E29 /* Main.storyboard in Resources */ = {isa = PBXBuildFile; fileRef = 4B6093512A56CF9200026E29 /* Main.storyboard */; };
		4B6093552A56CF9300026E29 /* Assets.xcassets in Resources */ = {isa = PBXBuildFile; fileRef = 4B6093542A56CF9300026E29 /* Assets.xcassets */; };
		4B6093582A56CF9300026E29 /* LaunchScreen.storyboard in Resources */ = {isa = PBXBuildFile; fileRef = 4B6093562A56CF9300026E29 /* LaunchScreen.storyboard */; };
		4B60B0F92AE41D4200CB9C8C /* ImageListStructers.swift in Sources */ = {isa = PBXBuildFile; fileRef = 4B60B0F82AE41D4200CB9C8C /* ImageListStructers.swift */; };
		4B60B0FB2AE420F100CB9C8C /* ImageListService.swift in Sources */ = {isa = PBXBuildFile; fileRef = 4B60B0FA2AE420F100CB9C8C /* ImageListService.swift */; };
		4B64B98E2AB382470000F50B /* SplashViewController.swift in Sources */ = {isa = PBXBuildFile; fileRef = 4B64B98D2AB382470000F50B /* SplashViewController.swift */; };
		4B68D25F2A99375A00219478 /* ProfileViewController.swift in Sources */ = {isa = PBXBuildFile; fileRef = 4B68D25E2A99375A00219478 /* ProfileViewController.swift */; };
		4B68D2612A99379100219478 /* SingleImageViewController.swift in Sources */ = {isa = PBXBuildFile; fileRef = 4B68D2602A99379100219478 /* SingleImageViewController.swift */; };
		4B6B36832ADAE3170056019E /* AlertPresenter.swift in Sources */ = {isa = PBXBuildFile; fileRef = 4B6B36822ADAE3170056019E /* AlertPresenter.swift */; };
		4B6B36852ADB0B9A0056019E /* ProfileImageService.swift in Sources */ = {isa = PBXBuildFile; fileRef = 4B6B36842ADB0B9A0056019E /* ProfileImageService.swift */; };
		4B6B36882ADB13FE0056019E /* Kingfisher in Frameworks */ = {isa = PBXBuildFile; productRef = 4B6B36872ADB13FE0056019E /* Kingfisher */; };
		4B753C062A8418FE007F1028 /* ImagesListCell.swift in Sources */ = {isa = PBXBuildFile; fileRef = 4B753C052A8418FE007F1028 /* ImagesListCell.swift */; };
		4B786D712AFC06B4003B4AA2 /* WebViewPresenter.swift in Sources */ = {isa = PBXBuildFile; fileRef = 4B786D702AFC06B4003B4AA2 /* WebViewPresenter.swift */; };
		4B786D732AFC1195003B4AA2 /* AuthHelper.swift in Sources */ = {isa = PBXBuildFile; fileRef = 4B786D722AFC1195003B4AA2 /* AuthHelper.swift */; };
		4B786D7B2AFC1474003B4AA2 /* WebViewTests.swift in Sources */ = {isa = PBXBuildFile; fileRef = 4B786D7A2AFC1474003B4AA2 /* WebViewTests.swift */; };
		4BCF20FE2AD9BAE4008AA588 /* ProgressHUD in Frameworks */ = {isa = PBXBuildFile; productRef = 4BCF20FD2AD9BAE4008AA588 /* ProgressHUD */; };
		4BCF21002AD9BD12008AA588 /* UIBlockingProgressHUD.swift in Sources */ = {isa = PBXBuildFile; fileRef = 4BCF20FF2AD9BD12008AA588 /* UIBlockingProgressHUD.swift */; };
		4BCF21032AD9C369008AA588 /* SwiftKeychainWrapper in Frameworks */ = {isa = PBXBuildFile; productRef = 4BCF21022AD9C369008AA588 /* SwiftKeychainWrapper */; };
		4BCF21052AD9CA6A008AA588 /* ProfileService.swift in Sources */ = {isa = PBXBuildFile; fileRef = 4BCF21042AD9CA6A008AA588 /* ProfileService.swift */; };
		4BCF21072AD9CB1F008AA588 /* ProfileStructers.swift in Sources */ = {isa = PBXBuildFile; fileRef = 4BCF21062AD9CB1F008AA588 /* ProfileStructers.swift */; };
		4BCF21092AD9DC8F008AA588 /* OAuthTokenResponseBody.swift in Sources */ = {isa = PBXBuildFile; fileRef = 4BCF21082AD9DC8F008AA588 /* OAuthTokenResponseBody.swift */; };
		4BCF210B2AD9E635008AA588 /* URLSession+Extension+NetworkError.swift in Sources */ = {isa = PBXBuildFile; fileRef = 4BCF210A2AD9E635008AA588 /* URLSession+Extension+NetworkError.swift */; };
		4BEC7B962AB10A7200BD0514 /* OAuth2Service.swift in Sources */ = {isa = PBXBuildFile; fileRef = 4BEC7B952AB10A7200BD0514 /* OAuth2Service.swift */; };
		4BEC7B982AB10B8000BD0514 /* OAuth2TokenStorage.swift in Sources */ = {isa = PBXBuildFile; fileRef = 4BEC7B972AB10B8000BD0514 /* OAuth2TokenStorage.swift */; };
/* End PBXBuildFile section */

/* Begin PBXContainerItemProxy section */
		4B786D7C2AFC1474003B4AA2 /* PBXContainerItemProxy */ = {
			isa = PBXContainerItemProxy;
			containerPortal = 4B6093402A56CF9200026E29 /* Project object */;
			proxyType = 1;
			remoteGlobalIDString = 4B6093472A56CF9200026E29;
			remoteInfo = ImageFeed;
		};
/* End PBXContainerItemProxy section */

/* Begin PBXFileReference section */
		4B5D82482AB0923F0047B84D /* AuthConfiguration.swift */ = {isa = PBXFileReference; lastKnownFileType = sourcecode.swift; path = AuthConfiguration.swift; sourceTree = "<group>"; };
		4B5D824A2AB0BC760047B84D /* AuthViewController.swift */ = {isa = PBXFileReference; lastKnownFileType = sourcecode.swift; path = AuthViewController.swift; sourceTree = "<group>"; };
		4B5D824F2AB0C88C0047B84D /* WebViewViewController.swift */ = {isa = PBXFileReference; lastKnownFileType = sourcecode.swift; path = WebViewViewController.swift; sourceTree = "<group>"; };
		4B6093482A56CF9200026E29 /* ImageFeed.app */ = {isa = PBXFileReference; explicitFileType = wrapper.application; includeInIndex = 0; path = ImageFeed.app; sourceTree = BUILT_PRODUCTS_DIR; };
		4B60934B2A56CF9200026E29 /* AppDelegate.swift */ = {isa = PBXFileReference; lastKnownFileType = sourcecode.swift; path = AppDelegate.swift; sourceTree = "<group>"; };
		4B60934D2A56CF9200026E29 /* SceneDelegate.swift */ = {isa = PBXFileReference; lastKnownFileType = sourcecode.swift; path = SceneDelegate.swift; sourceTree = "<group>"; };
		4B60934F2A56CF9200026E29 /* ImagesListViewController.swift */ = {isa = PBXFileReference; lastKnownFileType = sourcecode.swift; path = ImagesListViewController.swift; sourceTree = "<group>"; };
		4B6093522A56CF9200026E29 /* Base */ = {isa = PBXFileReference; lastKnownFileType = file.storyboard; name = Base; path = Base.lproj/Main.storyboard; sourceTree = "<group>"; };
		4B6093542A56CF9300026E29 /* Assets.xcassets */ = {isa = PBXFileReference; lastKnownFileType = folder.assetcatalog; path = Assets.xcassets; sourceTree = "<group>"; };
		4B6093572A56CF9300026E29 /* Base */ = {isa = PBXFileReference; lastKnownFileType = file.storyboard; name = Base; path = Base.lproj/LaunchScreen.storyboard; sourceTree = "<group>"; };
		4B6093592A56CF9300026E29 /* Info.plist */ = {isa = PBXFileReference; lastKnownFileType = text.plist.xml; path = Info.plist; sourceTree = "<group>"; };
		4B60B0F82AE41D4200CB9C8C /* ImageListStructers.swift */ = {isa = PBXFileReference; lastKnownFileType = sourcecode.swift; path = ImageListStructers.swift; sourceTree = "<group>"; };
		4B60B0FA2AE420F100CB9C8C /* ImageListService.swift */ = {isa = PBXFileReference; lastKnownFileType = sourcecode.swift; path = ImageListService.swift; sourceTree = "<group>"; };
		4B64B98D2AB382470000F50B /* SplashViewController.swift */ = {isa = PBXFileReference; fileEncoding = 4; lastKnownFileType = sourcecode.swift; path = SplashViewController.swift; sourceTree = "<group>"; };
		4B68D25E2A99375A00219478 /* ProfileViewController.swift */ = {isa = PBXFileReference; lastKnownFileType = sourcecode.swift; path = ProfileViewController.swift; sourceTree = "<group>"; };
		4B68D2602A99379100219478 /* SingleImageViewController.swift */ = {isa = PBXFileReference; lastKnownFileType = sourcecode.swift; path = SingleImageViewController.swift; sourceTree = "<group>"; };
		4B6B36822ADAE3170056019E /* AlertPresenter.swift */ = {isa = PBXFileReference; lastKnownFileType = sourcecode.swift; path = AlertPresenter.swift; sourceTree = "<group>"; };
		4B6B36842ADB0B9A0056019E /* ProfileImageService.swift */ = {isa = PBXFileReference; lastKnownFileType = sourcecode.swift; path = ProfileImageService.swift; sourceTree = "<group>"; };
		4B753C052A8418FE007F1028 /* ImagesListCell.swift */ = {isa = PBXFileReference; lastKnownFileType = sourcecode.swift; path = ImagesListCell.swift; sourceTree = "<group>"; };
		4B786D702AFC06B4003B4AA2 /* WebViewPresenter.swift */ = {isa = PBXFileReference; lastKnownFileType = sourcecode.swift; path = WebViewPresenter.swift; sourceTree = "<group>"; };
		4B786D722AFC1195003B4AA2 /* AuthHelper.swift */ = {isa = PBXFileReference; lastKnownFileType = sourcecode.swift; path = AuthHelper.swift; sourceTree = "<group>"; };
		4B786D782AFC1474003B4AA2 /* ImageFeedTests.xctest */ = {isa = PBXFileReference; explicitFileType = wrapper.cfbundle; includeInIndex = 0; path = ImageFeedTests.xctest; sourceTree = BUILT_PRODUCTS_DIR; };
		4B786D7A2AFC1474003B4AA2 /* WebViewTests.swift */ = {isa = PBXFileReference; lastKnownFileType = sourcecode.swift; path = WebViewTests.swift; sourceTree = "<group>"; };
		4BCF20FF2AD9BD12008AA588 /* UIBlockingProgressHUD.swift */ = {isa = PBXFileReference; lastKnownFileType = sourcecode.swift; path = UIBlockingProgressHUD.swift; sourceTree = "<group>"; };
		4BCF21042AD9CA6A008AA588 /* ProfileService.swift */ = {isa = PBXFileReference; lastKnownFileType = sourcecode.swift; path = ProfileService.swift; sourceTree = "<group>"; };
		4BCF21062AD9CB1F008AA588 /* ProfileStructers.swift */ = {isa = PBXFileReference; lastKnownFileType = sourcecode.swift; path = ProfileStructers.swift; sourceTree = "<group>"; };
		4BCF21082AD9DC8F008AA588 /* OAuthTokenResponseBody.swift */ = {isa = PBXFileReference; lastKnownFileType = sourcecode.swift; path = OAuthTokenResponseBody.swift; sourceTree = "<group>"; };
		4BCF210A2AD9E635008AA588 /* URLSession+Extension+NetworkError.swift */ = {isa = PBXFileReference; lastKnownFileType = sourcecode.swift; path = "URLSession+Extension+NetworkError.swift"; sourceTree = "<group>"; };
		4BEC7B952AB10A7200BD0514 /* OAuth2Service.swift */ = {isa = PBXFileReference; lastKnownFileType = sourcecode.swift; path = OAuth2Service.swift; sourceTree = "<group>"; };
		4BEC7B972AB10B8000BD0514 /* OAuth2TokenStorage.swift */ = {isa = PBXFileReference; lastKnownFileType = sourcecode.swift; path = OAuth2TokenStorage.swift; sourceTree = "<group>"; };
/* End PBXFileReference section */

/* Begin PBXFrameworksBuildPhase section */
		4B6093452A56CF9200026E29 /* Frameworks */ = {
			isa = PBXFrameworksBuildPhase;
			buildActionMask = 2147483647;
			files = (
				4B6B36882ADB13FE0056019E /* Kingfisher in Frameworks */,
				4BCF21032AD9C369008AA588 /* SwiftKeychainWrapper in Frameworks */,
				4BCF20FE2AD9BAE4008AA588 /* ProgressHUD in Frameworks */,
			);
			runOnlyForDeploymentPostprocessing = 0;
		};
		4B786D752AFC1474003B4AA2 /* Frameworks */ = {
			isa = PBXFrameworksBuildPhase;
			buildActionMask = 2147483647;
			files = (
			);
			runOnlyForDeploymentPostprocessing = 0;
		};
/* End PBXFrameworksBuildPhase section */

/* Begin PBXGroup section */
		4B5D824C2AB0BCA60047B84D /* Auth */ = {
			isa = PBXGroup;
			children = (
				4BCF210A2AD9E635008AA588 /* URLSession+Extension+NetworkError.swift */,
				4BCF21082AD9DC8F008AA588 /* OAuthTokenResponseBody.swift */,
				4BEC7B952AB10A7200BD0514 /* OAuth2Service.swift */,
				4B5D824F2AB0C88C0047B84D /* WebViewViewController.swift */,
				4B786D702AFC06B4003B4AA2 /* WebViewPresenter.swift */,
				4B5D824A2AB0BC760047B84D /* AuthViewController.swift */,
				4B786D722AFC1195003B4AA2 /* AuthHelper.swift */,
			);
			path = Auth;
			sourceTree = "<group>";
		};
		4B5D824D2AB0BDBD0047B84D /* Profile */ = {
			isa = PBXGroup;
			children = (
				4BCF21062AD9CB1F008AA588 /* ProfileStructers.swift */,
				4BCF21042AD9CA6A008AA588 /* ProfileService.swift */,
				4B68D25E2A99375A00219478 /* ProfileViewController.swift */,
				4B6B36842ADB0B9A0056019E /* ProfileImageService.swift */,
			);
			path = Profile;
			sourceTree = "<group>";
		};
		4B5D824E2AB0BDE20047B84D /* Single image VC */ = {
			isa = PBXGroup;
			children = (
				4B68D2602A99379100219478 /* SingleImageViewController.swift */,
			);
			path = "Single image VC";
			sourceTree = "<group>";
		};
		4B60933F2A56CF9200026E29 = {
			isa = PBXGroup;
			children = (
				4B60934A2A56CF9200026E29 /* ImageFeed */,
				4B786D792AFC1474003B4AA2 /* ImageFeedTests */,
				4B6093492A56CF9200026E29 /* Products */,
			);
			sourceTree = "<group>";
		};
		4B6093492A56CF9200026E29 /* Products */ = {
			isa = PBXGroup;
			children = (
				4B6093482A56CF9200026E29 /* ImageFeed.app */,
				4B786D782AFC1474003B4AA2 /* ImageFeedTests.xctest */,
			);
			name = Products;
			sourceTree = "<group>";
		};
		4B60934A2A56CF9200026E29 /* ImageFeed */ = {
			isa = PBXGroup;
			children = (
				4B60934B2A56CF9200026E29 /* AppDelegate.swift */,
				4B60934D2A56CF9200026E29 /* SceneDelegate.swift */,
				4B753C072A841923007F1028 /* ImageList */,
				4B5D824E2AB0BDE20047B84D /* Single image VC */,
				4B5D824D2AB0BDBD0047B84D /* Profile */,
				4B5D824C2AB0BCA60047B84D /* Auth */,
				4BEC7B992AB10B8C00BD0514 /* Servises */,
				4B64B98F2AB382970000F50B /* SplashView */,
				4B6093512A56CF9200026E29 /* Main.storyboard */,
				4B6093542A56CF9300026E29 /* Assets.xcassets */,
				4B6093562A56CF9300026E29 /* LaunchScreen.storyboard */,
				4B6093592A56CF9300026E29 /* Info.plist */,
			);
			path = ImageFeed;
			sourceTree = "<group>";
		};
		4B64B98F2AB382970000F50B /* SplashView */ = {
			isa = PBXGroup;
			children = (
				4B64B98D2AB382470000F50B /* SplashViewController.swift */,
			);
			path = SplashView;
			sourceTree = "<group>";
		};
		4B753C072A841923007F1028 /* ImageList */ = {
			isa = PBXGroup;
			children = (
				4B60B0F82AE41D4200CB9C8C /* ImageListStructers.swift */,
				4B60B0FA2AE420F100CB9C8C /* ImageListService.swift */,
				4B60934F2A56CF9200026E29 /* ImagesListViewController.swift */,
				4B753C052A8418FE007F1028 /* ImagesListCell.swift */,
			);
			path = ImageList;
			sourceTree = "<group>";
		};
		4B786D792AFC1474003B4AA2 /* ImageFeedTests */ = {
			isa = PBXGroup;
			children = (
				4B786D7A2AFC1474003B4AA2 /* WebViewTests.swift */,
			);
			path = ImageFeedTests;
			sourceTree = "<group>";
		};
		4BEC7B992AB10B8C00BD0514 /* Servises */ = {
			isa = PBXGroup;
			children = (
				4B5D82482AB0923F0047B84D /* AuthConfiguration.swift */,
				4B6B36822ADAE3170056019E /* AlertPresenter.swift */,
				4BCF20FF2AD9BD12008AA588 /* UIBlockingProgressHUD.swift */,
				4BEC7B972AB10B8000BD0514 /* OAuth2TokenStorage.swift */,
			);
			path = Servises;
			sourceTree = "<group>";
		};
/* End PBXGroup section */

/* Begin PBXNativeTarget section */
		4B6093472A56CF9200026E29 /* ImageFeed */ = {
			isa = PBXNativeTarget;
			buildConfigurationList = 4B60935C2A56CF9300026E29 /* Build configuration list for PBXNativeTarget "ImageFeed" */;
			buildPhases = (
				4B6093442A56CF9200026E29 /* Sources */,
				4B6093452A56CF9200026E29 /* Frameworks */,
				4B6093462A56CF9200026E29 /* Resources */,
			);
			buildRules = (
			);
			dependencies = (
			);
			name = ImageFeed;
			packageProductDependencies = (
				4BCF20FD2AD9BAE4008AA588 /* ProgressHUD */,
				4BCF21022AD9C369008AA588 /* SwiftKeychainWrapper */,
				4B6B36872ADB13FE0056019E /* Kingfisher */,
			);
			productName = ImageFeed;
			productReference = 4B6093482A56CF9200026E29 /* ImageFeed.app */;
			productType = "com.apple.product-type.application";
		};
		4B786D772AFC1474003B4AA2 /* ImageFeedTests */ = {
			isa = PBXNativeTarget;
			buildConfigurationList = 4B786D7E2AFC1474003B4AA2 /* Build configuration list for PBXNativeTarget "ImageFeedTests" */;
			buildPhases = (
				4B786D742AFC1474003B4AA2 /* Sources */,
				4B786D752AFC1474003B4AA2 /* Frameworks */,
				4B786D762AFC1474003B4AA2 /* Resources */,
			);
			buildRules = (
			);
			dependencies = (
				4B786D7D2AFC1474003B4AA2 /* PBXTargetDependency */,
			);
			name = ImageFeedTests;
			productName = ImageFeedTests;
			productReference = 4B786D782AFC1474003B4AA2 /* ImageFeedTests.xctest */;
			productType = "com.apple.product-type.bundle.unit-test";
		};
/* End PBXNativeTarget section */

/* Begin PBXProject section */
		4B6093402A56CF9200026E29 /* Project object */ = {
			isa = PBXProject;
			attributes = {
				BuildIndependentTargetsInParallel = 1;
				LastSwiftUpdateCheck = 1420;
				LastUpgradeCheck = 1420;
				TargetAttributes = {
					4B6093472A56CF9200026E29 = {
						CreatedOnToolsVersion = 14.2;
					};
					4B786D772AFC1474003B4AA2 = {
						CreatedOnToolsVersion = 14.2;
						TestTargetID = 4B6093472A56CF9200026E29;
					};
				};
			};
			buildConfigurationList = 4B6093432A56CF9200026E29 /* Build configuration list for PBXProject "ImageFeed" */;
			compatibilityVersion = "Xcode 14.0";
			developmentRegion = en;
			hasScannedForEncodings = 0;
			knownRegions = (
				en,
				Base,
			);
			mainGroup = 4B60933F2A56CF9200026E29;
			packageReferences = (
				4BCF20FC2AD9BAE4008AA588 /* XCRemoteSwiftPackageReference "ProgressHUD" */,
				4BCF21012AD9C369008AA588 /* XCRemoteSwiftPackageReference "SwiftKeychainWrapper" */,
				4B6B36862ADB13FE0056019E /* XCRemoteSwiftPackageReference "Kingfisher" */,
			);
			productRefGroup = 4B6093492A56CF9200026E29 /* Products */;
			projectDirPath = "";
			projectRoot = "";
			targets = (
				4B6093472A56CF9200026E29 /* ImageFeed */,
				4B786D772AFC1474003B4AA2 /* ImageFeedTests */,
			);
		};
/* End PBXProject section */

/* Begin PBXResourcesBuildPhase section */
		4B6093462A56CF9200026E29 /* Resources */ = {
			isa = PBXResourcesBuildPhase;
			buildActionMask = 2147483647;
			files = (
				4B6093582A56CF9300026E29 /* LaunchScreen.storyboard in Resources */,
				4B6093552A56CF9300026E29 /* Assets.xcassets in Resources */,
				4B6093532A56CF9200026E29 /* Main.storyboard in Resources */,
			);
			runOnlyForDeploymentPostprocessing = 0;
		};
		4B786D762AFC1474003B4AA2 /* Resources */ = {
			isa = PBXResourcesBuildPhase;
			buildActionMask = 2147483647;
			files = (
			);
			runOnlyForDeploymentPostprocessing = 0;
		};
/* End PBXResourcesBuildPhase section */

/* Begin PBXSourcesBuildPhase section */
		4B6093442A56CF9200026E29 /* Sources */ = {
			isa = PBXSourcesBuildPhase;
			buildActionMask = 2147483647;
			files = (
				4B6093502A56CF9200026E29 /* ImagesListViewController.swift in Sources */,
				4B753C062A8418FE007F1028 /* ImagesListCell.swift in Sources */,
				4B60B0FB2AE420F100CB9C8C /* ImageListService.swift in Sources */,
				4B68D25F2A99375A00219478 /* ProfileViewController.swift in Sources */,
				4BEC7B962AB10A7200BD0514 /* OAuth2Service.swift in Sources */,
				4B60934C2A56CF9200026E29 /* AppDelegate.swift in Sources */,
				4B60B0F92AE41D4200CB9C8C /* ImageListStructers.swift in Sources */,
				4B6B36832ADAE3170056019E /* AlertPresenter.swift in Sources */,
				4B64B98E2AB382470000F50B /* SplashViewController.swift in Sources */,
				4BCF21092AD9DC8F008AA588 /* OAuthTokenResponseBody.swift in Sources */,
				4B786D712AFC06B4003B4AA2 /* WebViewPresenter.swift in Sources */,
				4BCF21002AD9BD12008AA588 /* UIBlockingProgressHUD.swift in Sources */,
				4BCF21072AD9CB1F008AA588 /* ProfileStructers.swift in Sources */,
				4B5D824B2AB0BC760047B84D /* AuthViewController.swift in Sources */,
				4B6B36852ADB0B9A0056019E /* ProfileImageService.swift in Sources */,
				4BEC7B982AB10B8000BD0514 /* OAuth2TokenStorage.swift in Sources */,
				4B5D82492AB0923F0047B84D /* AuthConfiguration.swift in Sources */,
				4B68D2612A99379100219478 /* SingleImageViewController.swift in Sources */,
				4B786D732AFC1195003B4AA2 /* AuthHelper.swift in Sources */,
				4B5D82502AB0C88C0047B84D /* WebViewViewController.swift in Sources */,
				4B60934E2A56CF9200026E29 /* SceneDelegate.swift in Sources */,
				4BCF21052AD9CA6A008AA588 /* ProfileService.swift in Sources */,
				4BCF210B2AD9E635008AA588 /* URLSession+Extension+NetworkError.swift in Sources */,
			);
			runOnlyForDeploymentPostprocessing = 0;
		};
		4B786D742AFC1474003B4AA2 /* Sources */ = {
			isa = PBXSourcesBuildPhase;
			buildActionMask = 2147483647;
			files = (
				4B786D7B2AFC1474003B4AA2 /* WebViewTests.swift in Sources */,
			);
			runOnlyForDeploymentPostprocessing = 0;
		};
/* End PBXSourcesBuildPhase section */

/* Begin PBXTargetDependency section */
		4B786D7D2AFC1474003B4AA2 /* PBXTargetDependency */ = {
			isa = PBXTargetDependency;
			target = 4B6093472A56CF9200026E29 /* ImageFeed */;
			targetProxy = 4B786D7C2AFC1474003B4AA2 /* PBXContainerItemProxy */;
		};
/* End PBXTargetDependency section */

/* Begin PBXVariantGroup section */
		4B6093512A56CF9200026E29 /* Main.storyboard */ = {
			isa = PBXVariantGroup;
			children = (
				4B6093522A56CF9200026E29 /* Base */,
			);
			name = Main.storyboard;
			sourceTree = "<group>";
		};
		4B6093562A56CF9300026E29 /* LaunchScreen.storyboard */ = {
			isa = PBXVariantGroup;
			children = (
				4B6093572A56CF9300026E29 /* Base */,
			);
			name = LaunchScreen.storyboard;
			sourceTree = "<group>";
		};
/* End PBXVariantGroup section */

/* Begin XCBuildConfiguration section */
		4B60935A2A56CF9300026E29 /* Debug */ = {
			isa = XCBuildConfiguration;
			buildSettings = {
				ALWAYS_SEARCH_USER_PATHS = NO;
				CLANG_ANALYZER_NONNULL = YES;
				CLANG_ANALYZER_NUMBER_OBJECT_CONVERSION = YES_AGGRESSIVE;
				CLANG_CXX_LANGUAGE_STANDARD = "gnu++20";
				CLANG_ENABLE_MODULES = YES;
				CLANG_ENABLE_OBJC_ARC = YES;
				CLANG_ENABLE_OBJC_WEAK = YES;
				CLANG_WARN_BLOCK_CAPTURE_AUTORELEASING = YES;
				CLANG_WARN_BOOL_CONVERSION = YES;
				CLANG_WARN_COMMA = YES;
				CLANG_WARN_CONSTANT_CONVERSION = YES;
				CLANG_WARN_DEPRECATED_OBJC_IMPLEMENTATIONS = YES;
				CLANG_WARN_DIRECT_OBJC_ISA_USAGE = YES_ERROR;
				CLANG_WARN_DOCUMENTATION_COMMENTS = YES;
				CLANG_WARN_EMPTY_BODY = YES;
				CLANG_WARN_ENUM_CONVERSION = YES;
				CLANG_WARN_INFINITE_RECURSION = YES;
				CLANG_WARN_INT_CONVERSION = YES;
				CLANG_WARN_NON_LITERAL_NULL_CONVERSION = YES;
				CLANG_WARN_OBJC_IMPLICIT_RETAIN_SELF = YES;
				CLANG_WARN_OBJC_LITERAL_CONVERSION = YES;
				CLANG_WARN_OBJC_ROOT_CLASS = YES_ERROR;
				CLANG_WARN_QUOTED_INCLUDE_IN_FRAMEWORK_HEADER = YES;
				CLANG_WARN_RANGE_LOOP_ANALYSIS = YES;
				CLANG_WARN_STRICT_PROTOTYPES = YES;
				CLANG_WARN_SUSPICIOUS_MOVE = YES;
				CLANG_WARN_UNGUARDED_AVAILABILITY = YES_AGGRESSIVE;
				CLANG_WARN_UNREACHABLE_CODE = YES;
				CLANG_WARN__DUPLICATE_METHOD_MATCH = YES;
				COPY_PHASE_STRIP = NO;
				DEBUG_INFORMATION_FORMAT = dwarf;
				ENABLE_STRICT_OBJC_MSGSEND = YES;
				ENABLE_TESTABILITY = YES;
				GCC_C_LANGUAGE_STANDARD = gnu11;
				GCC_DYNAMIC_NO_PIC = NO;
				GCC_NO_COMMON_BLOCKS = YES;
				GCC_OPTIMIZATION_LEVEL = 0;
				GCC_PREPROCESSOR_DEFINITIONS = (
					"DEBUG=1",
					"$(inherited)",
				);
				GCC_WARN_64_TO_32_BIT_CONVERSION = YES;
				GCC_WARN_ABOUT_RETURN_TYPE = YES_ERROR;
				GCC_WARN_UNDECLARED_SELECTOR = YES;
				GCC_WARN_UNINITIALIZED_AUTOS = YES_AGGRESSIVE;
				GCC_WARN_UNUSED_FUNCTION = YES;
				GCC_WARN_UNUSED_VARIABLE = YES;
				IPHONEOS_DEPLOYMENT_TARGET = 16.2;
				MTL_ENABLE_DEBUG_INFO = INCLUDE_SOURCE;
				MTL_FAST_MATH = YES;
				ONLY_ACTIVE_ARCH = YES;
				SDKROOT = iphoneos;
				SWIFT_ACTIVE_COMPILATION_CONDITIONS = DEBUG;
				SWIFT_OPTIMIZATION_LEVEL = "-Onone";
			};
			name = Debug;
		};
		4B60935B2A56CF9300026E29 /* Release */ = {
			isa = XCBuildConfiguration;
			buildSettings = {
				ALWAYS_SEARCH_USER_PATHS = NO;
				CLANG_ANALYZER_NONNULL = YES;
				CLANG_ANALYZER_NUMBER_OBJECT_CONVERSION = YES_AGGRESSIVE;
				CLANG_CXX_LANGUAGE_STANDARD = "gnu++20";
				CLANG_ENABLE_MODULES = YES;
				CLANG_ENABLE_OBJC_ARC = YES;
				CLANG_ENABLE_OBJC_WEAK = YES;
				CLANG_WARN_BLOCK_CAPTURE_AUTORELEASING = YES;
				CLANG_WARN_BOOL_CONVERSION = YES;
				CLANG_WARN_COMMA = YES;
				CLANG_WARN_CONSTANT_CONVERSION = YES;
				CLANG_WARN_DEPRECATED_OBJC_IMPLEMENTATIONS = YES;
				CLANG_WARN_DIRECT_OBJC_ISA_USAGE = YES_ERROR;
				CLANG_WARN_DOCUMENTATION_COMMENTS = YES;
				CLANG_WARN_EMPTY_BODY = YES;
				CLANG_WARN_ENUM_CONVERSION = YES;
				CLANG_WARN_INFINITE_RECURSION = YES;
				CLANG_WARN_INT_CONVERSION = YES;
				CLANG_WARN_NON_LITERAL_NULL_CONVERSION = YES;
				CLANG_WARN_OBJC_IMPLICIT_RETAIN_SELF = YES;
				CLANG_WARN_OBJC_LITERAL_CONVERSION = YES;
				CLANG_WARN_OBJC_ROOT_CLASS = YES_ERROR;
				CLANG_WARN_QUOTED_INCLUDE_IN_FRAMEWORK_HEADER = YES;
				CLANG_WARN_RANGE_LOOP_ANALYSIS = YES;
				CLANG_WARN_STRICT_PROTOTYPES = YES;
				CLANG_WARN_SUSPICIOUS_MOVE = YES;
				CLANG_WARN_UNGUARDED_AVAILABILITY = YES_AGGRESSIVE;
				CLANG_WARN_UNREACHABLE_CODE = YES;
				CLANG_WARN__DUPLICATE_METHOD_MATCH = YES;
				COPY_PHASE_STRIP = NO;
				DEBUG_INFORMATION_FORMAT = "dwarf-with-dsym";
				ENABLE_NS_ASSERTIONS = NO;
				ENABLE_STRICT_OBJC_MSGSEND = YES;
				GCC_C_LANGUAGE_STANDARD = gnu11;
				GCC_NO_COMMON_BLOCKS = YES;
				GCC_WARN_64_TO_32_BIT_CONVERSION = YES;
				GCC_WARN_ABOUT_RETURN_TYPE = YES_ERROR;
				GCC_WARN_UNDECLARED_SELECTOR = YES;
				GCC_WARN_UNINITIALIZED_AUTOS = YES_AGGRESSIVE;
				GCC_WARN_UNUSED_FUNCTION = YES;
				GCC_WARN_UNUSED_VARIABLE = YES;
				IPHONEOS_DEPLOYMENT_TARGET = 16.2;
				MTL_ENABLE_DEBUG_INFO = NO;
				MTL_FAST_MATH = YES;
				SDKROOT = iphoneos;
				SWIFT_COMPILATION_MODE = wholemodule;
				SWIFT_OPTIMIZATION_LEVEL = "-O";
				VALIDATE_PRODUCT = YES;
			};
			name = Release;
		};
		4B60935D2A56CF9300026E29 /* Debug */ = {
			isa = XCBuildConfiguration;
			buildSettings = {
				ASSETCATALOG_COMPILER_APPICON_NAME = AppIcon;
				ASSETCATALOG_COMPILER_GLOBAL_ACCENT_COLOR_NAME = AccentColor;
				CODE_SIGN_STYLE = Automatic;
				CURRENT_PROJECT_VERSION = 1;
				DEVELOPMENT_TEAM = 5C234QJ768;
				GENERATE_INFOPLIST_FILE = YES;
				INFOPLIST_FILE = ImageFeed/Info.plist;
				INFOPLIST_KEY_UIApplicationSupportsIndirectInputEvents = YES;
				INFOPLIST_KEY_UILaunchStoryboardName = LaunchScreen;
				INFOPLIST_KEY_UIMainStoryboardFile = Main;
				INFOPLIST_KEY_UIStatusBarStyle = "";
				INFOPLIST_KEY_UISupportedInterfaceOrientations = UIInterfaceOrientationPortrait;
				INFOPLIST_KEY_UISupportedInterfaceOrientations_iPad = "UIInterfaceOrientationLandscapeLeft UIInterfaceOrientationLandscapeRight UIInterfaceOrientationPortrait UIInterfaceOrientationPortraitUpsideDown";
				IPHONEOS_DEPLOYMENT_TARGET = 13.0;
				LD_RUNPATH_SEARCH_PATHS = (
					"$(inherited)",
					"@executable_path/Frameworks",
				);
				MARKETING_VERSION = 1.0;
				PRODUCT_BUNDLE_IDENTIFIER = ru.maksimbelov.ImageFeed;
				PRODUCT_NAME = "$(TARGET_NAME)";
				SUPPORTED_PLATFORMS = "iphoneos iphonesimulator";
				SUPPORTS_MACCATALYST = NO;
				SUPPORTS_MAC_DESIGNED_FOR_IPHONE_IPAD = YES;
				SWIFT_EMIT_LOC_STRINGS = YES;
				SWIFT_VERSION = 5.0;
				TARGETED_DEVICE_FAMILY = 1;
			};
			name = Debug;
		};
		4B60935E2A56CF9300026E29 /* Release */ = {
			isa = XCBuildConfiguration;
			buildSettings = {
				ASSETCATALOG_COMPILER_APPICON_NAME = AppIcon;
				ASSETCATALOG_COMPILER_GLOBAL_ACCENT_COLOR_NAME = AccentColor;
				CODE_SIGN_STYLE = Automatic;
				CURRENT_PROJECT_VERSION = 1;
				DEVELOPMENT_TEAM = 5C234QJ768;
				GENERATE_INFOPLIST_FILE = YES;
				INFOPLIST_FILE = ImageFeed/Info.plist;
				INFOPLIST_KEY_UIApplicationSupportsIndirectInputEvents = YES;
				INFOPLIST_KEY_UILaunchStoryboardName = LaunchScreen;
				INFOPLIST_KEY_UIMainStoryboardFile = Main;
				INFOPLIST_KEY_UIStatusBarStyle = "";
				INFOPLIST_KEY_UISupportedInterfaceOrientations = UIInterfaceOrientationPortrait;
				INFOPLIST_KEY_UISupportedInterfaceOrientations_iPad = "UIInterfaceOrientationLandscapeLeft UIInterfaceOrientationLandscapeRight UIInterfaceOrientationPortrait UIInterfaceOrientationPortraitUpsideDown";
				IPHONEOS_DEPLOYMENT_TARGET = 13.0;
				LD_RUNPATH_SEARCH_PATHS = (
					"$(inherited)",
					"@executable_path/Frameworks",
				);
				MARKETING_VERSION = 1.0;
				PRODUCT_BUNDLE_IDENTIFIER = ru.maksimbelov.ImageFeed;
				PRODUCT_NAME = "$(TARGET_NAME)";
				SUPPORTED_PLATFORMS = "iphoneos iphonesimulator";
				SUPPORTS_MACCATALYST = NO;
				SUPPORTS_MAC_DESIGNED_FOR_IPHONE_IPAD = YES;
				SWIFT_EMIT_LOC_STRINGS = YES;
				SWIFT_VERSION = 5.0;
				TARGETED_DEVICE_FAMILY = 1;
			};
			name = Release;
		};
		4B786D7F2AFC1474003B4AA2 /* Debug */ = {
			isa = XCBuildConfiguration;
			buildSettings = {
				BUNDLE_LOADER = "$(TEST_HOST)";
				CODE_SIGN_STYLE = Automatic;
				CURRENT_PROJECT_VERSION = 1;
				DEVELOPMENT_TEAM = 5C234QJ768;
				GENERATE_INFOPLIST_FILE = YES;
				MARKETING_VERSION = 1.0;
				PRODUCT_BUNDLE_IDENTIFIER = ru.maksimbelov.ImageFeedTests;
				PRODUCT_NAME = "$(TARGET_NAME)";
				SWIFT_EMIT_LOC_STRINGS = NO;
				SWIFT_VERSION = 5.0;
				TARGETED_DEVICE_FAMILY = "1,2";
				TEST_HOST = "$(BUILT_PRODUCTS_DIR)/ImageFeed.app/$(BUNDLE_EXECUTABLE_FOLDER_PATH)/ImageFeed";
			};
			name = Debug;
		};
		4B786D802AFC1474003B4AA2 /* Release */ = {
			isa = XCBuildConfiguration;
			buildSettings = {
				BUNDLE_LOADER = "$(TEST_HOST)";
				CODE_SIGN_STYLE = Automatic;
				CURRENT_PROJECT_VERSION = 1;
				DEVELOPMENT_TEAM = 5C234QJ768;
				GENERATE_INFOPLIST_FILE = YES;
				MARKETING_VERSION = 1.0;
				PRODUCT_BUNDLE_IDENTIFIER = ru.maksimbelov.ImageFeedTests;
				PRODUCT_NAME = "$(TARGET_NAME)";
				SWIFT_EMIT_LOC_STRINGS = NO;
				SWIFT_VERSION = 5.0;
				TARGETED_DEVICE_FAMILY = "1,2";
				TEST_HOST = "$(BUILT_PRODUCTS_DIR)/ImageFeed.app/$(BUNDLE_EXECUTABLE_FOLDER_PATH)/ImageFeed";
			};
			name = Release;
		};
/* End XCBuildConfiguration section */

/* Begin XCConfigurationList section */
		4B6093432A56CF9200026E29 /* Build configuration list for PBXProject "ImageFeed" */ = {
			isa = XCConfigurationList;
			buildConfigurations = (
				4B60935A2A56CF9300026E29 /* Debug */,
				4B60935B2A56CF9300026E29 /* Release */,
			);
			defaultConfigurationIsVisible = 0;
			defaultConfigurationName = Release;
		};
		4B60935C2A56CF9300026E29 /* Build configuration list for PBXNativeTarget "ImageFeed" */ = {
			isa = XCConfigurationList;
			buildConfigurations = (
				4B60935D2A56CF9300026E29 /* Debug */,
				4B60935E2A56CF9300026E29 /* Release */,
			);
			defaultConfigurationIsVisible = 0;
			defaultConfigurationName = Release;
		};
		4B786D7E2AFC1474003B4AA2 /* Build configuration list for PBXNativeTarget "ImageFeedTests" */ = {
			isa = XCConfigurationList;
			buildConfigurations = (
				4B786D7F2AFC1474003B4AA2 /* Debug */,
				4B786D802AFC1474003B4AA2 /* Release */,
			);
			defaultConfigurationIsVisible = 0;
			defaultConfigurationName = Release;
		};
/* End XCConfigurationList section */

/* Begin XCRemoteSwiftPackageReference section */
		4B6B36862ADB13FE0056019E /* XCRemoteSwiftPackageReference "Kingfisher" */ = {
			isa = XCRemoteSwiftPackageReference;
			repositoryURL = "https://github.com/onevcat/Kingfisher.git";
			requirement = {
				branch = master;
				kind = branch;
			};
		};
		4BCF20FC2AD9BAE4008AA588 /* XCRemoteSwiftPackageReference "ProgressHUD" */ = {
			isa = XCRemoteSwiftPackageReference;
			repositoryURL = "https://github.com/relatedcode/ProgressHUD";
			requirement = {
				branch = master;
				kind = branch;
			};
		};
		4BCF21012AD9C369008AA588 /* XCRemoteSwiftPackageReference "SwiftKeychainWrapper" */ = {
			isa = XCRemoteSwiftPackageReference;
			repositoryURL = "https://github.com/jrendel/SwiftKeychainWrapper";
			requirement = {
				branch = develop;
				kind = branch;
			};
		};
/* End XCRemoteSwiftPackageReference section */

/* Begin XCSwiftPackageProductDependency section */
		4B6B36872ADB13FE0056019E /* Kingfisher */ = {
			isa = XCSwiftPackageProductDependency;
			package = 4B6B36862ADB13FE0056019E /* XCRemoteSwiftPackageReference "Kingfisher" */;
			productName = Kingfisher;
		};
		4BCF20FD2AD9BAE4008AA588 /* ProgressHUD */ = {
			isa = XCSwiftPackageProductDependency;
			package = 4BCF20FC2AD9BAE4008AA588 /* XCRemoteSwiftPackageReference "ProgressHUD" */;
			productName = ProgressHUD;
		};
		4BCF21022AD9C369008AA588 /* SwiftKeychainWrapper */ = {
			isa = XCSwiftPackageProductDependency;
			package = 4BCF21012AD9C369008AA588 /* XCRemoteSwiftPackageReference "SwiftKeychainWrapper" */;
			productName = SwiftKeychainWrapper;
		};
/* End XCSwiftPackageProductDependency section */
	};
	rootObject = 4B6093402A56CF9200026E29 /* Project object */;
}
